
Microsoft Visual Studio Solution File, Format Version 12.00
# Visual Studio 14
VisualStudioVersion = 14.0.23107.0
MinimumVisualStudioVersion = 10.0.40219.1
Project("{2150E333-8FDC-42A3-9474-1A3956D46DE8}") = "1 - Presentation", "1 - Presentation", "{62A64FF2-BB6F-43EC-B099-9B94D4C15A74}"
EndProject
Project("{2150E333-8FDC-42A3-9474-1A3956D46DE8}") = "4 - Domain", "4 - Domain", "{3FA79DF1-973A-4F60-B632-10D533ABA5EF}"
EndProject
Project("{FAE04EC0-301F-11D3-BF4B-00C04F79EFBC}") = "ADS1T1M.TP3.MunirXavierWanis.Presentation.ConsoleApp", "ADS1T1M.TP3.MunirXavierWanis.Presentation.ConsoleApp\ADS1T1M.TP3.MunirXavierWanis.Presentation.ConsoleApp.csproj", "{02572E25-5AB5-4DDC-B301-26F961071054}"
EndProject
Project("{FAE04EC0-301F-11D3-BF4B-00C04F79EFBC}") = "ADS1T1M.TP3.MunirXavierWanis.Domain", "ADS1T1M.TP3.MunirXavierWanis.Domain\ADS1T1M.TP3.MunirXavierWanis.Domain.csproj", "{EE1BD8DA-A32F-4122-B644-75D2D9D8FB31}"
EndProject
Project("{2150E333-8FDC-42A3-9474-1A3956D46DE8}") = "5 - Infra", "5 - Infra", "{F2F082F2-FE7B-43B6-BC8E-8EF3816D36F3}"
EndProject
Project("{2150E333-8FDC-42A3-9474-1A3956D46DE8}") = "5.1 - Data", "5.1 - Data", "{14C7098A-1D01-427F-AAF0-1DE82265E745}"
EndProject
Project("{FAE04EC0-301F-11D3-BF4B-00C04F79EFBC}") = "ADS1T1M.TP3.MunirXavierWanis.Infra.Data", "ADS1T1M.TP3.MunirXavierWanis.Infra.Data\ADS1T1M.TP3.MunirXavierWanis.Infra.Data.csproj", "{44989AE7-B92C-452A-BC66-82C597E9C0A6}"
EndProject
Project("{2150E333-8FDC-42A3-9474-1A3956D46DE8}") = "Data", "Data", "{C48618B6-FB5E-4F5F-A5D8-717589A98C4A}"
	ProjectSection(SolutionItems) = preProject
		Data\exporte-alunos.xml = Data\exporte-alunos.xml
	EndProjectSection
EndProject
Project("{2150E333-8FDC-42A3-9474-1A3956D46DE8}") = "XML-Original", "XML-Original", "{EA632375-1672-4D96-BFC2-D5299BD4C42E}"
	ProjectSection(SolutionItems) = preProject
		XML-Original\exporte-alunos-01.xml = XML-Original\exporte-alunos-01.xml
		XML-Original\exporte-alunos-02.xml = XML-Original\exporte-alunos-02.xml
	EndProjectSection
EndProject
Project("{FAE04EC0-301F-11D3-BF4B-00C04F79EFBC}") = "ADS1T1M.TP3.MunirXavierWanis.Presentation.Logger", "ADS1T1M.TP3.MunirXavierWanis.Presentation.Logger\ADS1T1M.TP3.MunirXavierWanis.Presentation.Logger.csproj", "{2CA252BD-A517-4E0A-8A03-2E47B7AFAAA4}"
EndProject
Global
	GlobalSection(SolutionConfigurationPlatforms) = preSolution
		Debug|Any CPU = Debug|Any CPU
		Release|Any CPU = Release|Any CPU
	EndGlobalSection
	GlobalSection(ProjectConfigurationPlatforms) = postSolution
		{02572E25-5AB5-4DDC-B301-26F961071054}.Debug|Any CPU.ActiveCfg = Debug|Any CPU
		{02572E25-5AB5-4DDC-B301-26F961071054}.Debug|Any CPU.Build.0 = Debug|Any CPU
		{02572E25-5AB5-4DDC-B301-26F961071054}.Release|Any CPU.ActiveCfg = Release|Any CPU
		{02572E25-5AB5-4DDC-B301-26F961071054}.Release|Any CPU.Build.0 = Release|Any CPU
		{EE1BD8DA-A32F-4122-B644-75D2D9D8FB31}.Debug|Any CPU.ActiveCfg = Debug|Any CPU
		{EE1BD8DA-A32F-4122-B644-75D2D9D8FB31}.Debug|Any CPU.Build.0 = Debug|Any CPU
		{EE1BD8DA-A32F-4122-B644-75D2D9D8FB31}.Release|Any CPU.ActiveCfg = Release|Any CPU
		{EE1BD8DA-A32F-4122-B644-75D2D9D8FB31}.Release|Any CPU.Build.0 = Release|Any CPU
		{44989AE7-B92C-452A-BC66-82C597E9C0A6}.Debug|Any CPU.ActiveCfg = Debug|Any CPU
		{44989AE7-B92C-452A-BC66-82C597E9C0A6}.Debug|Any CPU.Build.0 = Debug|Any CPU
		{44989AE7-B92C-452A-BC66-82C597E9C0A6}.Release|Any CPU.ActiveCfg = Release|Any CPU
		{44989AE7-B92C-452A-BC66-82C597E9C0A6}.Release|Any CPU.Build.0 = Release|Any CPU
		{2CA252BD-A517-4E0A-8A03-2E47B7AFAAA4}.Debug|Any CPU.ActiveCfg = Debug|Any CPU
		{2CA252BD-A517-4E0A-8A03-2E47B7AFAAA4}.Debug|Any CPU.Build.0 = Debug|Any CPU
		{2CA252BD-A517-4E0A-8A03-2E47B7AFAAA4}.Release|Any CPU.ActiveCfg = Release|Any CPU
		{2CA252BD-A517-4E0A-8A03-2E47B7AFAAA4}.Release|Any CPU.Build.0 = Release|Any CPU
	EndGlobalSection
	GlobalSection(SolutionProperties) = preSolution
		HideSolutionNode = FALSE
	EndGlobalSection
	GlobalSection(NestedProjects) = preSolution
		{02572E25-5AB5-4DDC-B301-26F961071054} = {62A64FF2-BB6F-43EC-B099-9B94D4C15A74}
		{EE1BD8DA-A32F-4122-B644-75D2D9D8FB31} = {3FA79DF1-973A-4F60-B632-10D533ABA5EF}
		{14C7098A-1D01-427F-AAF0-1DE82265E745} = {F2F082F2-FE7B-43B6-BC8E-8EF3816D36F3}
		{44989AE7-B92C-452A-BC66-82C597E9C0A6} = {14C7098A-1D01-427F-AAF0-1DE82265E745}
		{2CA252BD-A517-4E0A-8A03-2E47B7AFAAA4} = {62A64FF2-BB6F-43EC-B099-9B94D4C15A74}
	EndGlobalSection
EndGlobal
